
Microsoft Visual Studio Solution File, Format Version 12.00
Project("{FAE04EC0-301F-11D3-BF4B-00C04F79EFBC}") = "XboxTrack", "XboxTrack\XboxTrack.csproj", "{2292B338-7BB6-4957-A9C2-B302C404A537}"
EndProject
Global
	GlobalSection(SolutionConfigurationPlatforms) = preSolution
		Debug|Any CPU = Debug|Any CPU
		Release|Any CPU = Release|Any CPU
	EndGlobalSection
	GlobalSection(ProjectConfigurationPlatforms) = postSolution
		{2292B338-7BB6-4957-A9C2-B302C404A537}.Debug|Any CPU.ActiveCfg = Debug|Any CPU
		{2292B338-7BB6-4957-A9C2-B302C404A537}.Debug|Any CPU.Build.0 = Debug|Any CPU
		{2292B338-7BB6-4957-A9C2-B302C404A537}.Release|Any CPU.ActiveCfg = Release|Any CPU
		{2292B338-7BB6-4957-A9C2-B302C404A537}.Release|Any CPU.Build.0 = Release|Any CPU
	EndGlobalSection
EndGlobal
